github.com/BurntSushi/toml v0.3.1/go.mod h1:xHWCNGjB5oqiDr8zfno3MHue2Ht5sIBksp03qcyfWMU=
github.com/aws/aws-sdk-go-v2 v1.16.7 h1:zfBwXus3u14OszRxGcqCDS4MfMCv10e8SMJ2r8Xm0Ns=
github.com/aws/aws-sdk-go-v2 v1.16.7/go.mod h1:6CpKuLXg2w7If3ABZCl/qZ6rEgwtjZTn4eAf4RcEyuw=
github.com/aws/aws-sdk-go-v2 v1.17.1 h1:02c72fDJr87N8RAC2s3Qu0YuvMRZKNZJ9F+lAehCazk=
github.com/aws/aws-sdk-go-v2 v1.17.1/go.mod h1:JLnGeGONAyi2lWXI1p0PCIOIy333JMVK1U7Hf0aRFLw=
github.com/aws/aws-sdk-go-v2/aws/protocol/eventstream v1.4.3 h1:S/ZBwevQkr7gv5YxONYpGQxlMFFYSRfz3RMcjsC9Qhk=
github.com/aws/aws-sdk-go-v2/aws/protocol/eventstream v1.4.3/go.mod h1:gNsR5CaXKmQSSzrmGxmwmct/r+ZBfbxorAuXYsj/M5Y=
github.com/aws/aws-sdk-go-v2/config v1.15.14 h1:+BqpqlydTq4c2et9Daury7gE+o67P4lbk7eybiCBNc4=
github.com/aws/aws-sdk-go-v2/config v1.15.14/go.mod h1:CQBv+VVv8rR5z2xE+Chdh5m+rFfsqeY4k0veEZeq6QM=
github.com/aws/aws-sdk-go-v2/credentials v1.12.9 h1:DloAJr0/jbvm0iVRFDFh8GlWxrOd9XKyX82U+dfVeZs=
github.com/aws/aws-sdk-go-v2/credentials v1.12.9/go.mod h1:2Vavxl1qqQXJ8MUcQZTsIEW8cwenFCWYXtLRPba3L/o=
github.com/aws/aws-sdk-go-v2/feature/ec2/imds v1.12.8 h1:VfBdn2AxwMbFyJN/lF/xuT3SakomJ86PZu3rCxb5K0s=
github.com/aws/aws-sdk-go-v2/feature/ec2/imds v1.12.8/go.mod h1:oL1Q3KuCq1D4NykQnIvtRiBGLUXhcpY5pl6QZB2XEPU=
github.com/aws/aws-sdk-go-v2/internal/configsources v1.1.14 h1:2C0pYHcUBmdzPj+EKNC4qj97oK6yjrUhc1KoSodglvk=
github.com/aws/aws-sdk-go-v2/internal/configsources v1.1.14/go.mod h1:kdjrMwHwrC3+FsKhNcCMJ7tUVj/8uSD5CZXeQ4wV6fM=
github.com/aws/aws-sdk-go-v2/internal/configsources v1.1.25 h1:nBO/RFxeq/IS5G9Of+ZrgucRciie2qpLy++3UGZ+q2E=
github.com/aws/aws-sdk-go-v2/internal/configsources v1.1.25/go.mod h1:Zb29PYkf42vVYQY6pvSyJCJcFHlPIiY+YKdPtwnvMkY=
github.com/aws/aws-sdk-go-v2/internal/endpoints/v2 v2.4.8 h1:2J+jdlBJWEmTyAwC82Ym68xCykIvnSnIN18b8xHGlcc=
github.com/aws/aws-sdk-go-v2/internal/endpoints/v2 v2.4.8/go.mod h1:ZIV8GYoC6WLBW5KGs+o4rsc65/ozd+eQ0L31XF5VDwk=
github.com/aws/aws-sdk-go-v2/internal/endpoints/v2 v2.4.19 h1:oRHDrwCTVT8ZXi4sr9Ld+EXk7N/KGssOr2ygNeojEhw=
github.com/aws/aws-sdk-go-v2/internal/endpoints/v2 v2.4.19/go.mod h1:6Q0546uHDp421okhmmGfbxzq2hBqbXFNpi4k+Q1JnQA=
github.com/aws/aws-sdk-go-v2/internal/ini v1.3.15 h1:QquxR7NH3ULBsKC+NoTpilzbKKS+5AELfNREInbhvas=
github.com/aws/aws-sdk-go-v2/internal/ini v1.3.15/go.mod h1:Tkrthp/0sNBShQQsamR7j/zY4p19tVTAs+nnqhH6R3c=
github.com/aws/aws-sdk-go-v2/internal/v4a v1.0.5 h1:tEEHn+PGAxRVqMPEhtU8oCSW/1Ge3zP5nUgPrGQNUPs=
github.com/aws/aws-sdk-go-v2/internal/v4a v1.0.5/go.mod h1:aIwFF3dUk95ocCcA3zfk3nhz0oLkpzHFWuMp8l/4nNs=
github.com/aws/aws-sdk-go-v2/service/cloudfront v1.20.7 h1:RoinUS4OHD/GFpXV2Jvu27xqDFLMx4ZFclo2WDw7D8Q=
github.com/aws/aws-sdk-go-v2/service/cloudfront v1.20.7/go.mod h1:fV9PzXIIT2xUvf5KXEGToDYxEXcqDyO33SRfv2rAs/8=
github.com/aws/aws-sdk-go-v2/service/dynamodb v1.17.3 h1:2oB4ikNEMLaPtu6lbNFJyTSayBILvrOfa2VfOffcuvU=
github.com/aws/aws-sdk-go-v2/service/dynamodb v1.17.3/go.mod h1:BiglbKCG56L8tmMnUEyEQo422BO9xnNR8vVHnOsByf8=
github.com/aws/aws-sdk-go-v2/service/ec2 v1.50.0 h1:OMzx7qC+hOYJoQYq7RnYkjgCnKTsdIcEM08AUtsXH6A=
github.com/aws/aws-sdk-go-v2/service/ec2 v1.50.0/go.mod h1:VoBcwURHnJVCWuXHdqVuG03i2lUlHJ5DTTqDSyCdEcc=
github.com/aws/aws-sdk-go-v2/service/ecs v1.18.26 h1:EHJAYkUnlFJ/KwuFMvUs/bPbb0DaqAI+gTfXxffTPZ0=
github.com/aws/aws-sdk-go-v2/service/ecs v1.18.26/go.mod h1:NpR78BP2STxvF/R1GXLDM4gAEfjz68W/h0nC5b6Jk3s=
github.com/aws/aws-sdk-go-v2/service/eks v1.21.4 h1:qmKWieiIiYwD46GRD6nxFc1KsyR0ChGRid8emb7rDEY=
github.com/aws/aws-sdk-go-v2/service/eks v1.21.4/go.mod h1:Th2+t6mwi0bZayXUOFOTuyWR2nwRUVcadDy4WGE8C2E=
github.com/aws/aws-sdk-go-v2/service/iam v1.18.9 h1:pVHvEz+KIsTwRKufwvGZr90X/YJ7swVshaBZNY4ESIY=
github.com/aws/aws-sdk-go-v2/service/iam v1.18.9/go.mod h1:ARVuo+lYC2ibYxny/PKC3maaWKLAg25KSq0dkSkE2WE=
github.com/aws/aws-sdk-go-v2/service/internal/accept-encoding v1.9.3 h1:4n4KCtv5SUoT5Er5XV41huuzrCqepxlW3SDI9qHQebc=
github.com/aws/aws-sdk-go-v2/service/internal/accept-encoding v1.9.3/go.mod h1:gkb2qADY+OHaGLKNTYxMaQNacfeyQpZ4csDTQMeFmcw=
github.com/aws/aws-sdk-go-v2/service/internal/accept-encoding v1.9.10 h1:dpiPHgmFstgkLG07KaYAewvuptq5kvo52xn7tVSrtrQ=
github.com/aws/aws-sdk-go-v2/service/internal/accept-encoding v1.9.10/go.mod h1:9cBNUHI2aW4ho0A5T87O294iPDuuUOSIEDjnd1Lq/z0=
github.com/aws/aws-sdk-go-v2/service/internal/checksum v1.1.9 h1:gVv2vXOMqJeR4ZHHV32K7LElIJIIzyw/RU1b0lSfWTQ=
github.com/aws/aws-sdk-go-v2/service/internal/checksum v1.1.9/go.mod h1:EF5RLnD9l0xvEWwMRcktIS/dI6lF8lU5eV3B13k6sWo=
github.com/aws/aws-sdk-go-v2/service/internal/endpoint-discovery v1.7.19 h1:V03dAtcAN4Qtly7H3/0B6m3t/cyl4FgyKFqK738fyJw=
github.com/aws/aws-sdk-go-v2/service/internal/endpoint-discovery v1.7.19/go.mod h1:2WpVWFC5n4DYhjNXzObtge8xfgId9UP6GWca46KJFLo=
github.com/aws/aws-sdk-go-v2/service/internal/presigned-url v1.9.8 h1:oKnAXxSF2FUvfgw8uzU/v9OTYorJJZ8eBmWhr9TWVVQ=
github.com/aws/aws-sdk-go-v2/service/internal/presigned-url v1.9.8/go.mod h1:rDVhIMAX9N2r8nWxDUlbubvvaFMnfsm+3jAV7q+rpM4=
github.com/aws/aws-sdk-go-v2/service/internal/s3shared v1.13.8 h1:TlN1UC39A0LUNoD51ubO5h32haznA+oVe15jO9O4Lj0=
github.com/aws/aws-sdk-go-v2/service/internal/s3shared v1.13.8/go.mod h1:JlVwmWtT/1c5W+6oUsjXjAJ0iJZ+hlghdrDy/8JxGCU=
github.com/aws/aws-sdk-go-v2/service/lambda v1.23.4 h1:d1Olp+josNRAlrrtacghtos74rffKS6Mq5gEUBHfgHw=
github.com/aws/aws-sdk-go-v2/service/lambda v1.23.4/go.mod h1:XiSHsT7z5ScD2AsTgfa1UEFQaAr53dHP1oWvaqSW6jQ=
github.com/aws/aws-sdk-go-v2/service/s3 v1.27.1 h1:OKQIQ0QhEBmGr2LfT952meIZz3ujrPYnxH+dO/5ldnI=
github.com/aws/aws-sdk-go-v2/service/s3 v1.27.1/go.mod h1:NffjpNsMUFXp6Ok/PahrktAncoekWrywvmIK83Q2raE=
github.com/aws/aws-sdk-go-v2/service/sso v1.11.12 h1:760bUnTX/+d693FT6T6Oa7PZHfEQT9XMFZeM5IQIB0A=
github.com/aws/aws-sdk-go-v2/service/sso v1.11.12/go.mod h1:MO4qguFjs3wPGcCSpQ7kOFTwRvb+eu+fn+1vKleGHUk=
github.com/aws/aws-sdk-go-v2/service/sts v1.16.9 h1:yOfILxyjmtr2ubRkRJldlHDFBhf5vw4CzhbwWIBmimQ=
github.com/aws/aws-sdk-go-v2/service/sts v1.16.9/go.mod h1:O1IvkYxr+39hRf960Us6j0x1P8pDqhTX+oXM5kQNl/Y=
github.com/aws/smithy-go v1.12.0 h1:gXpeZel/jPoWQ7OEmLIgCUnhkFftqNfwWUwAHSlp1v0=
github.com/aws/smithy-go v1.12.0/go.mod h1:Tg+OJXh4MB2R/uN61Ko2f6hTZwB/ZYGOtib8J3gBHzA=
github.com/aws/smithy-go v1.13.4 h1:/RN2z1txIJWeXeOkzX+Hk/4Uuvv7dWtCjbmVJcrskyk=
github.com/aws/smithy-go v1.13.4/go.mod h1:Tg+OJXh4MB2R/uN61Ko2f6hTZwB/ZYGOtib8J3gBHzA=
github.com/cpuguy83/go-md2man/v2 v2.0.0-20190314233015-f79a8a8ca69d/go.mod h1:maD7wRr/U5Z6m/iR4s+kqSMx2CaBsrgA7czyZG/E6dU=
github.com/cpuguy83/go-md2man/v2 v2.0.2 h1:p1EgwI/C7NhT0JmVkwCD2ZBK8j4aeHQX2pMHHBfMQ6w=
github.com/cpuguy83/go-md2man/v2 v2.0.2/go.mod h1:tgQtvFlXSQOSOSIRvRPT7W67SCa46tRHOmNcaadrF8o=
github.com/davecgh/go-spew v1.1.0/go.mod h1:J7Y8YcW2NihsgmVo/mv3lAwl/skON4iLHjSsI+c5H38=
github.com/davecgh/go-spew v1.1.1 h1:vj9j/u1bqnvCEfJOwUhtlOARqs3+rkHYY13jYWTU97c=
github.com/davecgh/go-spew v1.1.1/go.mod h1:J7Y8YcW2NihsgmVo/mv3lAwl/skON4iLHjSsI+c5H38=
github.com/elazarl/go-bindata-assetfs v1.0.1 h1:m0kkaHRKEu7tUIUFVwhGGGYClXvyl4RE03qmvRTNfbw=
github.com/elazarl/go-bindata-assetfs v1.0.1/go.mod h1:v+YaWX3bdea5J/mo8dSETolEo7R71Vk1u8bnjau5yw4=
github.com/felixge/httpsnoop v1.0.1/go.mod h1:m8KPJKqk1gH5J9DgRY2ASl2lWCfGKXixSwevea8zH2U=
github.com/felixge/httpsnoop v1.0.3 h1:s/nj+GCswXYzN5v2DpNMuMQYe+0DDwt5WVCU6CWBdXk=
github.com/felixge/httpsnoop v1.0.3/go.mod h1:m8KPJKqk1gH5J9DgRY2ASl2lWCfGKXixSwevea8zH2U=
github.com/google/go-cmp v0.5.8/go.mod h1:17dUlkBOakJ0+DkrSSNjCkIjxS6bF9zb3elmeNGIjoY=
github.com/google/go-cmp v0.5.9 h1:O2Tfq5qg4qc4AmwVlvv0oLiVAGB7enBSJ2x2DqQFi38=
github.com/google/go-cmp v0.5.9/go.mod h1:17dUlkBOakJ0+DkrSSNjCkIjxS6bF9zb3elmeNGIjoY=
github.com/gorilla/handlers v1.5.1 h1:9lRY6j8DEeeBT10CvO9hGW0gmky0BprnvDI5vfhUHH4=
github.com/gorilla/handlers v1.5.1/go.mod h1:t8XrUpc4KVXb7HGyJ4/cEnwQiaxrX/hz1Zv/4g96P1Q=
github.com/gorilla/mux v1.8.0 h1:i40aqfkR1h2SlN9hojwV5ZA91wcXFOvkdNIeFDP5koI=
github.com/gorilla/mux v1.8.0/go.mod h1:DVbg23sWSpFRCP0SfiEN6jmj59UnW/n46BH5rLB71So=
github.com/jinzhu/inflection v1.0.0 h1:K317FqzuhWc8YvSVlFMCCUb36O/S9MCKRDI7QkRKD/E=
github.com/jinzhu/inflection v1.0.0/go.mod h1:h+uFLlag+Qp1Va5pdKtLDYj+kHp5pxUVkryuEj+Srlc=
github.com/jmespath/go-jmespath v0.4.0 h1:BEgLn5cpjn8UN1mAw4NjwDrS35OdebyEtFe+9YPoQUg=
github.com/jmespath/go-jmespath v0.4.0/go.mod h1:T8mJZnbsbmF+m6zOOFylbeCJqk5+pHWvzYPziyZiYoo=
github.com/jmespath/go-jmespath/internal/testify v1.5.1 h1:shLQSRRSCCPj3f2gpwzGwWFoC7ycTf1rcQZHOlsJ6N8=
github.com/jmespath/go-jmespath/internal/testify v1.5.1/go.mod h1:L3OGu8Wl2/fWfCI6z80xFu9LTZmf1ZRjMHUOPmWr69U=
github.com/pmezard/go-difflib v1.0.0 h1:4DBwDE0NGyQoBHbLQYPwSUPoCMWR5BEzIk/f1lZbAQM=
github.com/pmezard/go-difflib v1.0.0/go.mod h1:iKH77koFhYxTK1pcRnkKkqfTogsbg7gZNVY4sRDYZ/4=
github.com/rs/cors v1.8.2 h1:KCooALfAYGs415Cwu5ABvv9n9509fSiG5SQJn/AQo4U=
github.com/rs/cors v1.8.2/go.mod h1:XyqrcTp5zjWr1wsJ8PIRZssZ8b/WMcMf71DJnit4EMU=
github.com/russross/blackfriday/v2 v2.0.1/go.mod h1:+Rmxgy9KzJVeS9/2gXHxylqXiyQDYRxCVz55jmeOWTM=
github.com/russross/blackfriday/v2 v2.1.0 h1:JIOH55/0cWyOuilr9/qlrm0BSXldqnqwMsf35Ld67mk=
github.com/russross/blackfriday/v2 v2.1.0/go.mod h1:+Rmxgy9KzJVeS9/2gXHxylqXiyQDYRxCVz55jmeOWTM=
github.com/shurcooL/sanitized_anchor_name v1.0.0/go.mod h1:1NzhyTcUVG4SuEtjjoZeVRXNmyL/1OwPU0+IJeTBvfc=
github.com/stretchr/objx v0.1.0/go.mod h1:HFkY916IF+rwdDfMAkV7OtwuqBVzrE8GR6GFx+wExME=
github.com/stretchr/testify v1.6.1/go.mod h1:6Fq8oRcR53rry900zMqJjRRixrwX3KX962/h/Wwjteg=
github.com/stretchr/testify v1.7.0 h1:nwc3DEeHmmLAfoZucVR881uASk0Mfjw8xYJ99tb5CcY=
github.com/stretchr/testify v1.7.0/go.mod h1:6Fq8oRcR53rry900zMqJjRRixrwX3KX962/h/Wwjteg=
github.com/tmthrgd/go-hex v0.0.0-20190904060850-447a3041c3bc h1:9lRDQMhESg+zvGYmW5DyG0UqvY96Bu5QYsTLvCHdrgo=
github.com/tmthrgd/go-hex v0.0.0-20190904060850-447a3041c3bc/go.mod h1:bciPuU6GHm1iF1pBvUfxfsH0Wmnc2VbpgvbI9ZWuIRs=
github.com/uptrace/bun v1.1.8 h1:slxuaP4LYWFbPRUmTtQhfJN+6eX/6ar2HDKYTcI50SA=
github.com/uptrace/bun v1.1.8/go.mod h1:iT89ESdV3uMupD9ixt6Khidht+BK0STabK/LeZE+B84=
github.com/uptrace/bun/dialect/pgdialect v1.1.8 h1:wayJhjYDPGv8tgOBLolbBtSFQ0TihFoo8E1T129UdA8=
github.com/uptrace/bun/dialect/pgdialect v1.1.8/go.mod h1:nNbU8PHTjTUM+CRtGmqyBb9zcuRAB8I680/qoFSmBUk=
github.com/uptrace/bun/driver/pgdriver v1.1.8 h1:gyL22axRQfjJS2Umq0erzJnp0bLOdUE8/USKZHPQB8o=
github.com/uptrace/bun/driver/pgdriver v1.1.8/go.mod h1:4tHK0h7a/UoldBoe9J3GU4tEYjr3mkd62U3Kq3PVk3E=
github.com/urfave/cli v1.22.9 h1:cv3/KhXGBGjEXLC4bH0sLuJ9BewaAbpk5oyMOveu4pw=
github.com/urfave/cli v1.22.9/go.mod h1:Gos4lmkARVdJ6EkW0WaNv/tZAAMe9V7XWyB60NtXRu0=
github.com/vmihailenco/msgpack/v5 v5.3.5 h1:5gO0H1iULLWGhs2H5tbAHIZTV8/cYafcFOr9znI5mJU=
github.com/vmihailenco/msgpack/v5 v5.3.5/go.mod h1:7xyJ9e+0+9SaZT0Wt1RGleJXzli6Q/V5KbhBonMG9jc=
github.com/vmihailenco/tagparser/v2 v2.0.0 h1:y09buUbR+b5aycVFQs/g70pqKVZNBmxwAhO7/IwNM9g=
github.com/vmihailenco/tagparser/v2 v2.0.0/go.mod h1:Wri+At7QHww0WTrCBeu4J6bNtoV6mEfg5OIWRZA9qds=
golang.org/x/crypto v0.0.0-20190320223903-b7391e95e576/go.mod h1:djNgcEr1/C05ACkg1iLfiJU5Ep61QUkGW8qpdssI0+w=
golang.org/x/crypto v0.0.0-20220826181053-bd7e27e6170d h1:3qF+Z8Hkrw9sOhrFHti9TlB1Hkac1x+DNRkv0XQiFjo=
golang.org/x/crypto v0.0.0-20220826181053-bd7e27e6170d/go.mod h1:IxCIyHEi3zRg3s0A5j5BB6A9Jmi73HwBIUl50j+osU4=
golang.org/x/net v0.0.0-20211112202133-69e39bad7dc2/go.mod h1:9nx3DQGgdP8bBQD5qxJ1jj9UTztislL4KSBs9R2vV5Y=
golang.org/x/sys v0.0.0-20190215142949-d0b11bdaac8a/go.mod h1:STP8DvDyc/dI5b8T5hshtkjS+E42TnysNCUPdjciGhY=
golang.org/x/sys v0.0.0-20201119102817-f84b799fce68/go.mod h1:h1NjWce9XRLGQEsW7wpKNCjG9DtNlClVuFLEZdDNbEs=
golang.org/x/sys v0.0.0-20210423082822-04245dca01da/go.mod h1:h1NjWce9XRLGQEsW7wpKNCjG9DtNlClVuFLEZdDNbEs=
golang.org/x/sys v0.0.0-20210615035016-665e8c7367d1/go.mod h1:oPkhp1MJrh7nUepCBck5+mAzfO9JrbApNNgaTdGDITg=
golang.org/x/sys v0.0.0-20220811171246-fbc7d0a398ab/go.mod h1:oPkhp1MJrh7nUepCBck5+mAzfO9JrbApNNgaTdGDITg=
golang.org/x/sys v0.0.0-20220825204002-c680a09ffe64 h1:UiNENfZ8gDvpiWw7IpOMQ27spWmThO1RwwdQVbJahJM=
golang.org/x/sys v0.0.0-20220825204002-c680a09ffe64/go.mod h1:oPkhp1MJrh7nUepCBck5+mAzfO9JrbApNNgaTdGDITg=
golang.org/x/term v0.0.0-20201126162022-7de9c90e9dd1/go.mod h1:bj7SfCRtBDWHUb9snDiAeCFNEtKQo2Wmx5Cou7ajbmo=
golang.org/x/text v0.3.6/go.mod h1:5Zoc/QRtKVWzQhOtBMvqHzDpF6irO9z98xDceosuGiQ=
golang.org/x/tools v0.0.0-20180917221912-90fa682c2a6e/go.mod h1:n7NCudcB/nEzxVGmLbDWY5pfWTLqBcC2KZ6jyYvM4mQ=
gopkg.in/check.v1 v0.0.0-20161208181325-20d25e280405/go.mod h1:Co6ibVJAznAaIkqp8huTwlJQCZ016jof/cbN4VW5Yz0=
gopkg.in/ini.v1 v1.67.0 h1:Dgnx+6+nfE+IfzjUEISNeydPJh9AXNNsWbGP9KzCsOA=
gopkg.in/ini.v1 v1.67.0/go.mod h1:pNLf8WUiyNEtQjuu5G5vTm06TEv9tsIgeAvK8hOrP4k=
gopkg.in/yaml.v2 v2.2.2/go.mod h1:hI93XBmqTisBFMUTm0b8Fm+jr3Dg1NNxqwp+5A1VGuI=
gopkg.in/yaml.v2 v2.2.8/go.mod h1:hI93XBmqTisBFMUTm0b8Fm+jr3Dg1NNxqwp+5A1VGuI=
gopkg.in/yaml.v2 v2.4.0 h1:D8xgwECY7CYvx+Y2n4sBz93Jn9JRvxdiyyo8CTfuKaY=
gopkg.in/yaml.v2 v2.4.0/go.mod h1:RDklbk79AGWmwhnvt/jBztapEOGDOx6ZbXqjP6csGnQ=
gopkg.in/yaml.v3 v3.0.0-20200313102051-9f266ea9e77c h1:dUUwHk2QECo/6vqA44rthZ8ie2QXMNeKRTHCNY2nXvo=
gopkg.in/yaml.v3 v3.0.0-20200313102051-9f266ea9e77c/go.mod h1:K4uyk7z7BCEPqu6E+C64Yfv1cQ7kz7rIZviUmN+EgEM=
mellium.im/sasl v0.3.0 h1:0qoaTCTo5Py7u/g0cBIQZcMOgG/5LM71nshbXwznBh8=
mellium.im/sasl v0.3.0/go.mod h1:xm59PUYpZHhgQ9ZqoJ5QaCqzWMi8IeS49dhp6plPCzw=
